
Microsoft Visual Studio Solution File, Format Version 12.00
# Visual Studio Version 17
VisualStudioVersion = 17.14.36301.6 d17.14
MinimumVisualStudioVersion = 10.0.40219.1
Project("{FAE04EC0-301F-11D3-BF4B-00C04F79EFBC}") = "Assignment-01", "Assignment-01.csproj", "{040A9D46-A0B0-4B87-B3BC-054B817A67E3}"
EndProject
Global
	GlobalSection(SolutionConfigurationPlatforms) = preSolution
		Debug|Any CPU = Debug|Any CPU
		Release|Any CPU = Release|Any CPU
	EndGlobalSection
	GlobalSection(ProjectConfigurationPlatforms) = postSolution
		{040A9D46-A0B0-4B87-B3BC-054B817A67E3}.Debug|Any CPU.ActiveCfg = Debug|Any CPU
		{040A9D46-A0B0-4B87-B3BC-054B817A67E3}.Debug|Any CPU.Build.0 = Debug|Any CPU
		{040A9D46-A0B0-4B87-B3BC-054B817A67E3}.Release|Any CPU.ActiveCfg = Release|Any CPU
		{040A9D46-A0B0-4B87-B3BC-054B817A67E3}.Release|Any CPU.Build.0 = Release|Any CPU
	EndGlobalSection
	GlobalSection(SolutionProperties) = preSolution
		HideSolutionNode = FALSE
	EndGlobalSection
	GlobalSection(ExtensibilityGlobals) = postSolution
		SolutionGuid = {E8EECC95-4A74-490B-86FD-78DD959DA9A8}
	EndGlobalSection
EndGlobal
